{
  "name": "Projeto EBAC",
  "lockfileVersion": 3,
  "requires": true,
  "packages": {
    "": {
      "dependencies": {
        "iostream": "^0.0.3"
      }
    },
    "node_modules/coffee-script": {
      "version": "1.12.7",
      "resolved": "https://registry.npmjs.org/coffee-script/-/coffee-script-1.12.7.tgz",
      "integrity": "sha512-fLeEhqwymYat/MpTPUjSKHVYYl0ec2mOyALEMLmzr5i1isuG+6jfI2j2d5oBO3VIzgUXgBVIcOT9uH1TFxBckw==",
      "deprecated": "CoffeeScript on NPM has moved to \"coffeescript\" (no hyphen)",
      "bin": {
        "cake": "bin/cake",
        "coffee": "bin/coffee"
      },
      "engines": {
        "node": ">=0.8.0"
      }
    },
    "node_modules/deque": {
      "version": "0.0.4",
      "resolved": "https://registry.npmjs.org/deque/-/deque-0.0.4.tgz",
      "integrity": "sha512-nHBKAkCOv9NwGmKXSnNh0eUmjE9FGbrEK69/zcXbCfyEi5bIIkdd8ZUtDOrVBf9g+JPwIDMLrJpNMEnokyLTTQ==",
      "engines": {
        "node": ">=0.4.0"
      }
    },
    "node_modules/iostream": {
      "version": "0.0.3",
      "resolved": "https://registry.npmjs.org/iostream/-/iostream-0.0.3.tgz",
      "integrity": "sha512-4ESZgOlFWnW+VUd1ylKxwy7ZPtO7bs3NJLdrTEosxUcP3zEgm2kuENRjPnVOVMoGgUenkAY5socXGgQF54eCoQ==",
      "dependencies": {
        "coffee-script": "",
        "deque": ">=0.0.3"
      },
      "engines": {
        "node": ">=0.4.0"
      }
    }
  }
}
